PODS:
  - SimpleFontAwesomeKit (0.0.1)
  - SimpleMBProgressHUD (0.0.1):
    - SimpleFontAwesomeKit

DEPENDENCIES:
  - SimpleMBProgressHUD (from `../`)

EXTERNAL SOURCES:
  SimpleMBProgressHUD:
    :path: ../

SPEC CHECKSUMS:
  SimpleFontAwesomeKit: 5ea65cd89ef8e701cb72686cec6adffe7e7fec32
  SimpleMBProgressHUD: 5dd6e5bdec5d40c307bf7fa16e54b996c3108858

PODFILE CHECKSUM: 4dd504ab8ccd6c359dc026af139652bd35930282

COCOAPODS: 1.2.1
